
Microsoft Visual Studio Solution File, Format Version 12.00
# Visual Studio Version 16
VisualStudioVersion = 16.0.30611.23
MinimumVisualStudioVersion = 10.0.40219.1
Project("{9A19103F-16F7-4668-BE54-9A1E7A4F7556}") = "Core", "Core\Core.csproj", "{6E3204DE-4800-4119-8506-9ABC8180F1F2}"
EndProject
Project("{9A19103F-16F7-4668-BE54-9A1E7A4F7556}") = "Infrastructure", "Infrastructure\Infrastructure.csproj", "{B83DCC6F-EFA6-4FA8-B93F-30C429A51F1A}"
EndProject
Project("{2150E333-8FDC-42A3-9474-1A3956D46DE8}") = "Binaris", "Binaris", "{74689CCB-5F24-4310-BBA9-C6CECBA96EAD}"
	ProjectSection(SolutionItems) = preProject
		Binaris\ProMaker.Arch.dll = Binaris\ProMaker.Arch.dll
	EndProjectSection
EndProject
Project("{2150E333-8FDC-42A3-9474-1A3956D46DE8}") = "API", "API", "{EC612B9F-EBE2-4897-8D80-D3F57F4B2123}"
EndProject
Project("{9A19103F-16F7-4668-BE54-9A1E7A4F7556}") = "IdentityAPI", "API\IdentityAPI\IdentityAPI.csproj", "{32B4F835-BD5B-414F-87D1-A3207E86230D}"
EndProject
Project("{9A19103F-16F7-4668-BE54-9A1E7A4F7556}") = "SignInAPI", "API\SignInAPI\SignInAPI.csproj", "{8E3898E6-217D-47FF-86F1-10DA2EBD9FC7}"
EndProject
Project("{FAE04EC0-301F-11D3-BF4B-00C04F79EFBC}") = "CoinCapAPI", "API\CoinCapAPI\CoinCapAPI.csproj", "{00C1E581-9659-459B-B414-9DE8E0C35304}"
EndProject
Global
	GlobalSection(SolutionConfigurationPlatforms) = preSolution
		Debug|Any CPU = Debug|Any CPU
		Release|Any CPU = Release|Any CPU
	EndGlobalSection
	GlobalSection(ProjectConfigurationPlatforms) = postSolution
		{6E3204DE-4800-4119-8506-9ABC8180F1F2}.Debug|Any CPU.ActiveCfg = Debug|Any CPU
		{6E3204DE-4800-4119-8506-9ABC8180F1F2}.Debug|Any CPU.Build.0 = Debug|Any CPU
		{6E3204DE-4800-4119-8506-9ABC8180F1F2}.Release|Any CPU.ActiveCfg = Release|Any CPU
		{6E3204DE-4800-4119-8506-9ABC8180F1F2}.Release|Any CPU.Build.0 = Release|Any CPU
		{B83DCC6F-EFA6-4FA8-B93F-30C429A51F1A}.Debug|Any CPU.ActiveCfg = Debug|Any CPU
		{B83DCC6F-EFA6-4FA8-B93F-30C429A51F1A}.Debug|Any CPU.Build.0 = Debug|Any CPU
		{B83DCC6F-EFA6-4FA8-B93F-30C429A51F1A}.Release|Any CPU.ActiveCfg = Release|Any CPU
		{B83DCC6F-EFA6-4FA8-B93F-30C429A51F1A}.Release|Any CPU.Build.0 = Release|Any CPU
		{32B4F835-BD5B-414F-87D1-A3207E86230D}.Debug|Any CPU.ActiveCfg = Debug|Any CPU
		{32B4F835-BD5B-414F-87D1-A3207E86230D}.Debug|Any CPU.Build.0 = Debug|Any CPU
		{32B4F835-BD5B-414F-87D1-A3207E86230D}.Release|Any CPU.ActiveCfg = Release|Any CPU
		{32B4F835-BD5B-414F-87D1-A3207E86230D}.Release|Any CPU.Build.0 = Release|Any CPU
		{8E3898E6-217D-47FF-86F1-10DA2EBD9FC7}.Debug|Any CPU.ActiveCfg = Debug|Any CPU
		{8E3898E6-217D-47FF-86F1-10DA2EBD9FC7}.Debug|Any CPU.Build.0 = Debug|Any CPU
		{8E3898E6-217D-47FF-86F1-10DA2EBD9FC7}.Release|Any CPU.ActiveCfg = Release|Any CPU
		{8E3898E6-217D-47FF-86F1-10DA2EBD9FC7}.Release|Any CPU.Build.0 = Release|Any CPU
		{00C1E581-9659-459B-B414-9DE8E0C35304}.Debug|Any CPU.ActiveCfg = Debug|Any CPU
		{00C1E581-9659-459B-B414-9DE8E0C35304}.Debug|Any CPU.Build.0 = Debug|Any CPU
		{00C1E581-9659-459B-B414-9DE8E0C35304}.Release|Any CPU.ActiveCfg = Release|Any CPU
		{00C1E581-9659-459B-B414-9DE8E0C35304}.Release|Any CPU.Build.0 = Release|Any CPU
	EndGlobalSection
	GlobalSection(SolutionProperties) = preSolution
		HideSolutionNode = FALSE
	EndGlobalSection
	GlobalSection(NestedProjects) = preSolution
		{32B4F835-BD5B-414F-87D1-A3207E86230D} = {EC612B9F-EBE2-4897-8D80-D3F57F4B2123}
		{8E3898E6-217D-47FF-86F1-10DA2EBD9FC7} = {EC612B9F-EBE2-4897-8D80-D3F57F4B2123}
		{00C1E581-9659-459B-B414-9DE8E0C35304} = {EC612B9F-EBE2-4897-8D80-D3F57F4B2123}
	EndGlobalSection
	GlobalSection(ExtensibilityGlobals) = postSolution
		SolutionGuid = {957922EE-4E6F-4C22-9201-6C82F8160FCF}
	EndGlobalSection
EndGlobal
